version = 1
requires-python = ">=3.12"

[[package]]
name = "3d-bin-packer"
version = "0.0.5"
source = { directory = "../3d-bin-packer-python" }
dependencies = [
    { name = "pybind11" },
    { name = "setuptools" },
]

[package.metadata]
requires-dist = [
    { name = "pybind11", specifier = ">=2.13.6" },
    { name = "setuptools", specifier = ">=75.3.0" },
]

[[package]]
name = "3d-bin-packer-cpp"
version = "0.1.0"
source = { virtual = "." }
dependencies = [
    { name = "3d-bin-packer" },
    { name = "pybind11" },
    { name = "setuptools" },
]

[package.metadata]
requires-dist = [
    { name = "3d-bin-packer", directory = "../3d-bin-packer-python" },
    { name = "pybind11", specifier = ">=2.13.6" },
    { name = "setuptools", specifier = ">=75.6.0" },
]

[[package]]
name = "pybind11"
version = "2.13.6"
source = { registry = "https://pypi.org/simple" }
sdist = { url = "https://files.pythonhosted.org/packages/d2/c1/72b9622fcb32ff98b054f724e213c7f70d6898baa714f4516288456ceaba/pybind11-2.13.6.tar.gz", hash = "sha256:ba6af10348c12b24e92fa086b39cfba0eff619b61ac77c406167d813b096d39a", size = 218403 }
wheels = [
    { url = "https://files.pythonhosted.org/packages/13/2f/0f24b288e2ce56f51c920137620b4434a38fd80583dbbe24fc2a1656c388/pybind11-2.13.6-py3-none-any.whl", hash = "sha256:237c41e29157b962835d356b370ededd57594a26d5894a795960f0047cb5caf5", size = 243282 },
]

[[package]]
name = "setuptools"
version = "75.6.0"
source = { registry = "https://pypi.org/simple" }
sdist = { url = "https://files.pythonhosted.org/packages/43/54/292f26c208734e9a7f067aea4a7e282c080750c4546559b58e2e45413ca0/setuptools-75.6.0.tar.gz", hash = "sha256:8199222558df7c86216af4f84c30e9b34a61d8ba19366cc914424cdbd28252f6", size = 1337429 }
wheels = [
    { url = "https://files.pythonhosted.org/packages/55/21/47d163f615df1d30c094f6c8bbb353619274edccf0327b185cc2493c2c33/setuptools-75.6.0-py3-none-any.whl", hash = "sha256:ce74b49e8f7110f9bf04883b730f4765b774ef3ef28f722cce7c273d253aaf7d", size = 1224032 },
]
